
Microsoft Visual Studio Solution File, Format Version 12.00
# Visual Studio Version 17
VisualStudioVersion = 17.7.34024.191
MinimumVisualStudioVersion = 10.0.40219.1
Project("{9A19103F-16F7-4668-BE54-9A1E7A4F7556}") = "TetronJob", "TetronJob\TetronJob.csproj", "{6E705F0E-85F3-47D4-81B5-ABD00613BA2C}"
EndProject
Project("{9A19103F-16F7-4668-BE54-9A1E7A4F7556}") = "Application", "Application\Application.csproj", "{2184EA8E-62AC-4AB9-B36F-04B1ED8C548D}"
EndProject
Project("{9A19103F-16F7-4668-BE54-9A1E7A4F7556}") = "Infrastructure", "Infrastructure\Infrastructure.csproj", "{00239080-B4F2-40BC-A24D-A9BD785A230C}"
EndProject
Project("{9A19103F-16F7-4668-BE54-9A1E7A4F7556}") = "Framework", "Framework\Framework.csproj", "{D20E5FB5-104B-45EC-8BFD-AE7E30A0DC61}"
EndProject
Project("{9A19103F-16F7-4668-BE54-9A1E7A4F7556}") = "Domain", "Domain\Domain.csproj", "{394E903A-007D-4054-BD5D-A365ABFBA53D}"
EndProject
Global
	GlobalSection(SolutionConfigurationPlatforms) = preSolution
		Debug|Any CPU = Debug|Any CPU
		Release|Any CPU = Release|Any CPU
	EndGlobalSection
	GlobalSection(ProjectConfigurationPlatforms) = postSolution
		{6E705F0E-85F3-47D4-81B5-ABD00613BA2C}.Debug|Any CPU.ActiveCfg = Debug|Any CPU
		{6E705F0E-85F3-47D4-81B5-ABD00613BA2C}.Debug|Any CPU.Build.0 = Debug|Any CPU
		{6E705F0E-85F3-47D4-81B5-ABD00613BA2C}.Release|Any CPU.ActiveCfg = Release|Any CPU
		{6E705F0E-85F3-47D4-81B5-ABD00613BA2C}.Release|Any CPU.Build.0 = Release|Any CPU
		{2184EA8E-62AC-4AB9-B36F-04B1ED8C548D}.Debug|Any CPU.ActiveCfg = Debug|Any CPU
		{2184EA8E-62AC-4AB9-B36F-04B1ED8C548D}.Debug|Any CPU.Build.0 = Debug|Any CPU
		{2184EA8E-62AC-4AB9-B36F-04B1ED8C548D}.Release|Any CPU.ActiveCfg = Release|Any CPU
		{2184EA8E-62AC-4AB9-B36F-04B1ED8C548D}.Release|Any CPU.Build.0 = Release|Any CPU
		{00239080-B4F2-40BC-A24D-A9BD785A230C}.Debug|Any CPU.ActiveCfg = Debug|Any CPU
		{00239080-B4F2-40BC-A24D-A9BD785A230C}.Debug|Any CPU.Build.0 = Debug|Any CPU
		{00239080-B4F2-40BC-A24D-A9BD785A230C}.Release|Any CPU.ActiveCfg = Release|Any CPU
		{00239080-B4F2-40BC-A24D-A9BD785A230C}.Release|Any CPU.Build.0 = Release|Any CPU
		{D20E5FB5-104B-45EC-8BFD-AE7E30A0DC61}.Debug|Any CPU.ActiveCfg = Debug|Any CPU
		{D20E5FB5-104B-45EC-8BFD-AE7E30A0DC61}.Debug|Any CPU.Build.0 = Debug|Any CPU
		{D20E5FB5-104B-45EC-8BFD-AE7E30A0DC61}.Release|Any CPU.ActiveCfg = Release|Any CPU
		{D20E5FB5-104B-45EC-8BFD-AE7E30A0DC61}.Release|Any CPU.Build.0 = Release|Any CPU
		{394E903A-007D-4054-BD5D-A365ABFBA53D}.Debug|Any CPU.ActiveCfg = Debug|Any CPU
		{394E903A-007D-4054-BD5D-A365ABFBA53D}.Debug|Any CPU.Build.0 = Debug|Any CPU
		{394E903A-007D-4054-BD5D-A365ABFBA53D}.Release|Any CPU.ActiveCfg = Release|Any CPU
		{394E903A-007D-4054-BD5D-A365ABFBA53D}.Release|Any CPU.Build.0 = Release|Any CPU
	EndGlobalSection
	GlobalSection(SolutionProperties) = preSolution
		HideSolutionNode = FALSE
	EndGlobalSection
	GlobalSection(ExtensibilityGlobals) = postSolution
		SolutionGuid = {98AF63FB-3AFD-418E-9FF8-6A6414405D1A}
	EndGlobalSection
EndGlobal
